<?xml version="1.0" encoding="utf-8"?>
<Project ToolsVersion="4.0" xmlns="http://schemas.microsoft.com/developer/msbuild/2003">
  <ItemGroup>
    <ClInclude Include="board_wins.h">
      <Filter>Board</Filter>
    </ClInclude>
    <ClInclude Include="board_masks.h">
      <Filter>Board</Filter>
    </ClInclude>
    <ClInclude Include="board_macros.h">
      <Filter>Board</Filter>
    </ClInclude>
    <ClInclude Include="board_constants.h">
      <Filter>Board</Filter>
    </ClInclude>
    <ClInclude Include="board.h">
      <Filter>Board</Filter>
    </ClInclude>
    <ClInclude Include="node.h">
      <Filter>DataTypes</Filter>
    </ClInclude>
    <ClInclude Include="types.h">
      <Filter>DataTypes</Filter>
    </ClInclude>
    <ClInclude Include="neuron.h">
      <Filter>DataTypes</Filter>
    </ClInclude>
    <ClInclude Include="neuralnet.h">
      <Filter>DataTypes</Filter>
    </ClInclude>
  </ItemGroup>
  <ItemGroup>
    <Filter Include="Board">
      <UniqueIdentifier>{4383fca0-2beb-4a46-a750-7e6802cdffda}</UniqueIdentifier>
    </Filter>
    <Filter Include="AI">
      <UniqueIdentifier>{037fff19-ee99-41dd-a433-d0331e77780f}</UniqueIdentifier>
    </Filter>
    <Filter Include="DataTypes">
      <UniqueIdentifier>{a6496782-387b-41e3-bd9c-4425ba03e266}</UniqueIdentifier>
    </Filter>
  </ItemGroup>
  <ItemGroup>
    <ClCompile Include="main.cpp" />
    <ClCompile Include="mcts.cpp">
      <Filter>AI</Filter>
    </ClCompile>
  </ItemGroup>
</Project>